// !$*UTF8*$!
{
	archiveVersion = 1;
	classes = {
	};
	objectVersion = 46;
	objects = {

/* Begin PBXBuildFile section */
		27A9793419081ED500085B0E /* Foundation.framework in Frameworks */ = {isa = PBXBuildFile; fileRef = 27A9793319081ED500085B0E /* Foundation.framework */; };
		27A9793619081ED500085B0E /* CoreGraphics.framework in Frameworks */ = {isa = PBXBuildFile; fileRef = 27A9793519081ED500085B0E /* CoreGraphics.framework */; };
		27A9793819081ED500085B0E /* UIKit.framework in Frameworks */ = {isa = PBXBuildFile; fileRef = 27A9793719081ED500085B0E /* UIKit.framework */; };
		27A9793E19081ED500085B0E /* InfoPlist.strings in Resources */ = {isa = PBXBuildFile; fileRef = 27A9793C19081ED500085B0E /* InfoPlist.strings */; };
		27A9794019081ED500085B0E /* main.m in Sources */ = {isa = PBXBuildFile; fileRef = 27A9793F19081ED500085B0E /* main.m */; };
		27A9794419081ED500085B0E /* CCAppDelegate.m in Sources */ = {isa = PBXBuildFile; fileRef = 27A9794319081ED500085B0E /* CCAppDelegate.m */; };
		27A9794719081ED500085B0E /* Main.storyboard in Resources */ = {isa = PBXBuildFile; fileRef = 27A9794519081ED500085B0E /* Main.storyboard */; };
		27A9794C19081ED500085B0E /* Images.xcassets in Resources */ = {isa = PBXBuildFile; fileRef = 27A9794B19081ED500085B0E /* Images.xcassets */; };
		27A9795319081ED500085B0E /* XCTest.framework in Frameworks */ = {isa = PBXBuildFile; fileRef = 27A9795219081ED500085B0E /* XCTest.framework */; };
		27A9795419081ED500085B0E /* Foundation.framework in Frameworks */ = {isa = PBXBuildFile; fileRef = 27A9793319081ED500085B0E /* Foundation.framework */; };
		27A9795519081ED500085B0E /* UIKit.framework in Frameworks */ = {isa = PBXBuildFile; fileRef = 27A9793719081ED500085B0E /* UIKit.framework */; };
		27A9795D19081ED500085B0E /* InfoPlist.strings in Resources */ = {isa = PBXBuildFile; fileRef = 27A9795B19081ED500085B0E /* InfoPlist.strings */; };
		27A9795F19081ED500085B0E /* UITableViewController_Challenge_SolutionTests.m in Sources */ = {isa = PBXBuildFile; fileRef = 27A9795E19081ED500085B0E /* UITableViewController_Challenge_SolutionTests.m */; };
		27A9796A19082FC700085B0E /* CCTableViewController.m in Sources */ = {isa = PBXBuildFile; fileRef = 27A9796919082FC700085B0E /* CCTableViewController.m */; };
/* End PBXBuildFile section */

/* Begin PBXContainerItemProxy section */
		27A9795619081ED500085B0E /* PBXContainerItemProxy */ = {
			isa = PBXContainerItemProxy;
			containerPortal = 27A9792819081ED500085B0E /* Project object */;
			proxyType = 1;
			remoteGlobalIDString = 27A9792F19081ED500085B0E;
			remoteInfo = "UITableViewController Challenge Solution";
		};
/* End PBXContainerItemProxy section */

/* Begin PBXFileReference section */
		27A9793019081ED500085B0E /* UITableViewController Challenge Solution.app */ = {isa = PBXFileReference; explicitFileType = wrapper.application; includeInIndex = 0; path = "UITableViewController Challenge Solution.app"; sourceTree = BUILT_PRODUCTS_DIR; };
		27A9793319081ED500085B0E /* Foundation.framework */ = {isa = PBXFileReference; lastKnownFileType = wrapper.framework; name = Foundation.framework; path = System/Library/Frameworks/Foundation.framework; sourceTree = SDKROOT; };
		27A9793519081ED500085B0E /* CoreGraphics.framework */ = {isa = PBXFileReference; lastKnownFileType = wrapper.framework; name = CoreGraphics.framework; path = System/Library/Frameworks/CoreGraphics.framework; sourceTree = SDKROOT; };
		27A9793719081ED500085B0E /* UIKit.framework */ = {isa = PBXFileReference; lastKnownFileType = wrapper.framework; name = UIKit.framework; path = System/Library/Frameworks/UIKit.framework; sourceTree = SDKROOT; };
		27A9793B19081ED500085B0E /* UITableViewController Challenge Solution-Info.plist */ = {isa = PBXFileReference; lastKnownFileType = text.plist.xml; path = "UITableViewController Challenge Solution-Info.plist"; sourceTree = "<group>"; };
		27A9793D19081ED500085B0E /* en */ = {isa = PBXFileReference; lastKnownFileType = text.plist.strings; name = en; path = en.lproj/InfoPlist.strings; sourceTree = "<group>"; };
		27A9793F19081ED500085B0E /* main.m */ = {isa = PBXFileReference; lastKnownFileType = sourcecode.c.objc; path = main.m; sourceTree = "<group>"; };
		27A9794119081ED500085B0E /* UITableViewController Challenge Solution-Prefix.pch */ = {isa = PBXFileReference; lastKnownFileType = sourcecode.c.h; path = "UITableViewController Challenge Solution-Prefix.pch"; sourceTree = "<group>"; };
		27A9794219081ED500085B0E /* CCAppDelegate.h */ = {isa = PBXFileReference; lastKnownFileType = sourcecode.c.h; path = CCAppDelegate.h; sourceTree = "<group>"; };
		27A9794319081ED500085B0E /* CCAppDelegate.m */ = {isa = PBXFileReference; lastKnownFileType = sourcecode.c.objc; path = CCAppDelegate.m; sourceTree = "<group>"; };
		27A9794619081ED500085B0E /* Base */ = {isa = PBXFileReference; lastKnownFileType = file.storyboard; name = Base; path = Base.lproj/Main.storyboard; sourceTree = "<group>"; };
		27A9794B19081ED500085B0E /* Images.xcassets */ = {isa = PBXFileReference; lastKnownFileType = folder.assetcatalog; path = Images.xcassets; sourceTree = "<group>"; };
		27A9795119081ED500085B0E /* UITableViewController Challenge SolutionTests.xctest */ = {isa = PBXFileReference; explicitFileType = wrapper.cfbundle; includeInIndex = 0; path = "UITableViewController Challenge SolutionTests.xctest"; sourceTree = BUILT_PRODUCTS_DIR; };
		27A9795219081ED500085B0E /* XCTest.framework */ = {isa = PBXFileReference; lastKnownFileType = wrapper.framework; name = XCTest.framework; path = Library/Frameworks/XCTest.framework; sourceTree = DEVELOPER_DIR; };
		27A9795A19081ED500085B0E /* UITableViewController Challenge SolutionTests-Info.plist */ = {isa = PBXFileReference; lastKnownFileType = text.plist.xml; path = "UITableViewController Challenge SolutionTests-Info.plist"; sourceTree = "<group>"; };
		27A9795C19081ED500085B0E /* en */ = {isa = PBXFileReference; lastKnownFileType = text.plist.strings; name = en; path = en.lproj/InfoPlist.strings; sourceTree = "<group>"; };
		27A9795E19081ED500085B0E /* UITableViewController_Challenge_SolutionTests.m */ = {isa = PBXFileReference; lastKnownFileType = sourcecode.c.objc; path = UITableViewController_Challenge_SolutionTests.m; sourceTree = "<group>"; };
		27A9796819082FC700085B0E /* CCTableViewController.h */ = {isa = PBXFileReference; fileEncoding = 4; lastKnownFileType = sourcecode.c.h; path = CCTableViewController.h; sourceTree = "<group>"; };
		27A9796919082FC700085B0E /* CCTableViewController.m */ = {isa = PBXFileReference; fileEncoding = 4; lastKnownFileType = sourcecode.c.objc; path = CCTableViewController.m; sourceTree = "<group>"; };
/* End PBXFileReference section */

/* Begin PBXFrameworksBuildPhase section */
		27A9792D19081ED500085B0E /* Frameworks */ = {
			isa = PBXFrameworksBuildPhase;
			buildActionMask = 2147483647;
			files = (
				27A9793619081ED500085B0E /* CoreGraphics.framework in Frameworks */,
				27A9793819081ED500085B0E /* UIKit.framework in Frameworks */,
				27A9793419081ED500085B0E /* Foundation.framework in Frameworks */,
			);
			runOnlyForDeploymentPostprocessing = 0;
		};
		27A9794E19081ED500085B0E /* Frameworks */ = {
			isa = PBXFrameworksBuildPhase;
			buildActionMask = 2147483647;
			files = (
				27A9795319081ED500085B0E /* XCTest.framework in Frameworks */,
				27A9795519081ED500085B0E /* UIKit.framework in Frameworks */,
				27A9795419081ED500085B0E /* Foundation.framework in Frameworks */,
			);
			runOnlyForDeploymentPostprocessing = 0;
		};
/* End PBXFrameworksBuildPhase section */

/* Begin PBXGroup section */
		27A9792719081ED500085B0E = {
			isa = PBXGroup;
			children = (
				27A9793919081ED500085B0E /* UITableViewController Challenge Solution */,
				27A9795819081ED500085B0E /* UITableViewController Challenge SolutionTests */,
				27A9793219081ED500085B0E /* Frameworks */,
				27A9793119081ED500085B0E /* Products */,
			);
			sourceTree = "<group>";
		};
		27A9793119081ED500085B0E /* Products */ = {
			isa = PBXGroup;
			children = (
				27A9793019081ED500085B0E /* UITableViewController Challenge Solution.app */,
				27A9795119081ED500085B0E /* UITableViewController Challenge SolutionTests.xctest */,
			);
			name = Products;
			sourceTree = "<group>";
		};
		27A9793219081ED500085B0E /* Frameworks */ = {
			isa = PBXGroup;
			children = (
				27A9793319081ED500085B0E /* Foundation.framework */,
				27A9793519081ED500085B0E /* CoreGraphics.framework */,
				27A9793719081ED500085B0E /* UIKit.framework */,
				27A9795219081ED500085B0E /* XCTest.framework */,
			);
			name = Frameworks;
			sourceTree = "<group>";
		};
		27A9793919081ED500085B0E /* UITableViewController Challenge Solution */ = {
			isa = PBXGroup;
			children = (
				27A9794219081ED500085B0E /* CCAppDelegate.h */,
				27A9794319081ED500085B0E /* CCAppDelegate.m */,
				27A9794519081ED500085B0E /* Main.storyboard */,
				27A9796819082FC700085B0E /* CCTableViewController.h */,
				27A9796919082FC700085B0E /* CCTableViewController.m */,
				27A9794B19081ED500085B0E /* Images.xcassets */,
				27A9793A19081ED500085B0E /* Supporting Files */,
			);
			path = "UITableViewController Challenge Solution";
			sourceTree = "<group>";
		};
		27A9793A19081ED500085B0E /* Supporting Files */ = {
			isa = PBXGroup;
			children = (
				27A9793B19081ED500085B0E /* UITableViewController Challenge Solution-Info.plist */,
				27A9793C19081ED500085B0E /* InfoPlist.strings */,
				27A9793F19081ED500085B0E /* main.m */,
				27A9794119081ED500085B0E /* UITableViewController Challenge Solution-Prefix.pch */,
			);
			name = "Supporting Files";
			sourceTree = "<group>";
		};
		27A9795819081ED500085B0E /* UITableViewController Challenge SolutionTests */ = {
			isa = PBXGroup;
			children = (
				27A9795E19081ED500085B0E /* UITableViewController_Challenge_SolutionTests.m */,
				27A9795919081ED500085B0E /* Supporting Files */,
			);
			path = "UITableViewController Challenge SolutionTests";
			sourceTree = "<group>";
		};
		27A9795919081ED500085B0E /* Supporting Files */ = {
			isa = PBXGroup;
			children = (
				27A9795A19081ED500085B0E /* UITableViewController Challenge SolutionTests-Info.plist */,
				27A9795B19081ED500085B0E /* InfoPlist.strings */,
			);
			name = "Supporting Files";
			sourceTree = "<group>";
		};
/* End PBXGroup section */

/* Begin PBXNativeTarget section */
		27A9792F19081ED500085B0E /* UITableViewController Challenge Solution */ = {
			isa = PBXNativeTarget;
			buildConfigurationList = 27A9796219081ED500085B0E /* Build configuration list for PBXNativeTarget "UITableViewController Challenge Solution" */;
			buildPhases = (
				27A9792C19081ED500085B0E /* Sources */,
				27A9792D19081ED500085B0E /* Frameworks */,
				27A9792E19081ED500085B0E /* Resources */,
			);
			buildRules = (
			);
			dependencies = (
			);
			name = "UITableViewController Challenge Solution";
			productName = "UITableViewController Challenge Solution";
			productReference = 27A9793019081ED500085B0E /* UITableViewController Challenge Solution.app */;
			productType = "com.apple.product-type.application";
		};
		27A9795019081ED500085B0E /* UITableViewController Challenge SolutionTests */ = {
			isa = PBXNativeTarget;
			buildConfigurationList = 27A9796519081ED500085B0E /* Build configuration list for PBXNativeTarget "UITableViewController Challenge SolutionTests" */;
			buildPhases = (
				27A9794D19081ED500085B0E /* Sources */,
				27A9794E19081ED500085B0E /* Frameworks */,
				27A9794F19081ED500085B0E /* Resources */,
			);
			buildRules = (
			);
			dependencies = (
				27A9795719081ED500085B0E /* PBXTargetDependency */,
			);
			name = "UITableViewController Challenge SolutionTests";
			productName = "UITableViewController Challenge SolutionTests";
			productReference = 27A9795119081ED500085B0E /* UITableViewController Challenge SolutionTests.xctest */;
			productType = "com.apple.product-type.bundle.unit-test";
		};
/* End PBXNativeTarget section */

/* Begin PBXProject section */
		27A9792819081ED500085B0E /* Project object */ = {
			isa = PBXProject;
			attributes = {
				CLASSPREFIX = CC;
				LastUpgradeCheck = 0510;
				ORGANIZATIONNAME = Michael;
				TargetAttributes = {
					27A9795019081ED500085B0E = {
						TestTargetID = 27A9792F19081ED500085B0E;
					};
				};
			};
			buildConfigurationList = 27A9792B19081ED500085B0E /* Build configuration list for PBXProject "UITableViewController Challenge Solution" */;
			compatibilityVersion = "Xcode 3.2";
			developmentRegion = English;
			hasScannedForEncodings = 0;
			knownRegions = (
				en,
				Base,
			);
			mainGroup = 27A9792719081ED500085B0E;
			productRefGroup = 27A9793119081ED500085B0E /* Products */;
			projectDirPath = "";
			projectRoot = "";
			targets = (
				27A9792F19081ED500085B0E /* UITableViewController Challenge Solution */,
				27A9795019081ED500085B0E /* UITableViewController Challenge SolutionTests */,
			);
		};
/* End PBXProject section */

/* Begin PBXResourcesBuildPhase section */
		27A9792E19081ED500085B0E /* Resources */ = {
			isa = PBXResourcesBuildPhase;
			buildActionMask = 2147483647;
			files = (
				27A9794C19081ED500085B0E /* Images.xcassets in Resources */,
				27A9793E19081ED500085B0E /* InfoPlist.strings in Resources */,
				27A9794719081ED500085B0E /* Main.storyboard in Resources */,
			);
			runOnlyForDeploymentPostprocessing = 0;
		};
		27A9794F19081ED500085B0E /* Resources */ = {
			isa = PBXResourcesBuildPhase;
			buildActionMask = 2147483647;
			files = (
				27A9795D19081ED500085B0E /* InfoPlist.strings in Resources */,
			);
			runOnlyForDeploymentPostprocessing = 0;
		};
/* End PBXResourcesBuildPhase section */

/* Begin PBXSourcesBuildPhase section */
		27A9792C19081ED500085B0E /* Sources */ = {
			isa = PBXSourcesBuildPhase;
			buildActionMask = 2147483647;
			files = (
				27A9794419081ED500085B0E /* CCAppDelegate.m in Sources */,
				27A9794019081ED500085B0E /* main.m in Sources */,
				27A9796A19082FC700085B0E /* CCTableViewController.m in Sources */,
			);
			runOnlyForDeploymentPostprocessing = 0;
		};
		27A9794D19081ED500085B0E /* Sources */ = {
			isa = PBXSourcesBuildPhase;
			buildActionMask = 2147483647;
			files = (
				27A9795F19081ED500085B0E /* UITableViewController_Challenge_SolutionTests.m in Sources */,
			);
			runOnlyForDeploymentPostprocessing = 0;
		};
/* End PBXSourcesBuildPhase section */

/* Begin PBXTargetDependency section */
		27A9795719081ED500085B0E /* PBXTargetDependency */ = {
			isa = PBXTargetDependency;
			target = 27A9792F19081ED500085B0E /* UITableViewController Challenge Solution */;
			targetProxy = 27A9795619081ED500085B0E /* PBXContainerItemProxy */;
		};
/* End PBXTargetDependency section */

/* Begin PBXVariantGroup section */
		27A9793C19081ED500085B0E /* InfoPlist.strings */ = {
			isa = PBXVariantGroup;
			children = (
				27A9793D19081ED500085B0E /* en */,
			);
			name = InfoPlist.strings;
			sourceTree = "<group>";
		};
		27A9794519081ED500085B0E /* Main.storyboard */ = {
			isa = PBXVariantGroup;
			children = (
				27A9794619081ED500085B0E /* Base */,
			);
			name = Main.storyboard;
			sourceTree = "<group>";
		};
		27A9795B19081ED500085B0E /* InfoPlist.strings */ = {
			isa = PBXVariantGroup;
			children = (
				27A9795C19081ED500085B0E /* en */,
			);
			name = InfoPlist.strings;
			sourceTree = "<group>";
		};
/* End PBXVariantGroup section */

/* Begin XCBuildConfiguration section */
		27A9796019081ED500085B0E /* Debug */ = {
			isa = XCBuildConfiguration;
			buildSettings = {
				ALWAYS_SEARCH_USER_PATHS = NO;
				CLANG_CXX_LANGUAGE_STANDARD = "gnu++0x";
				CLANG_CXX_LIBRARY = "libc++";
				CLANG_ENABLE_MODULES = YES;
				CLANG_ENABLE_OBJC_ARC = YES;
				CLANG_WARN_BOOL_CONVERSION = YES;
				CLANG_WARN_CONSTANT_CONVERSION = YES;
				CLANG_WARN_DIRECT_OBJC_ISA_USAGE = YES_ERROR;
				CLANG_WARN_EMPTY_BODY = YES;
				CLANG_WARN_ENUM_CONVERSION = YES;
				CLANG_WARN_INT_CONVERSION = YES;
				CLANG_WARN_OBJC_ROOT_CLASS = YES_ERROR;
				CLANG_WARN__DUPLICATE_METHOD_MATCH = YES;
				"CODE_SIGN_IDENTITY[sdk=iphoneos*]" = "iPhone Developer";
				COPY_PHASE_STRIP = NO;
				GCC_C_LANGUAGE_STANDARD = gnu99;
				GCC_DYNAMIC_NO_PIC = NO;
				GCC_OPTIMIZATION_LEVEL = 0;
				GCC_PREPROCESSOR_DEFINITIONS = (
					"DEBUG=1",
					"$(inherited)",
				);
				GCC_SYMBOLS_PRIVATE_EXTERN = NO;
				GCC_WARN_64_TO_32_BIT_CONVERSION = YES;
				GCC_WARN_ABOUT_RETURN_TYPE = YES_ERROR;
				GCC_WARN_UNDECLARED_SELECTOR = YES;
				GCC_WARN_UNINITIALIZED_AUTOS = YES_AGGRESSIVE;
				GCC_WARN_UNUSED_FUNCTION = YES;
				GCC_WARN_UNUSED_VARIABLE = YES;
				IPHONEOS_DEPLOYMENT_TARGET = 7.1;
				ONLY_ACTIVE_ARCH = YES;
				SDKROOT = iphoneos;
			};
			name = Debug;
		};
		27A9796119081ED500085B0E /* Release */ = {
			isa = XCBuildConfiguration;
			buildSettings = {
				ALWAYS_SEARCH_USER_PATHS = NO;
				CLANG_CXX_LANGUAGE_STANDARD = "gnu++0x";
				CLANG_CXX_LIBRARY = "libc++";
				CLANG_ENABLE_MODULES = YES;
				CLANG_ENABLE_OBJC_ARC = YES;
				CLANG_WARN_BOOL_CONVERSION = YES;
				CLANG_WARN_CONSTANT_CONVERSION = YES;
				CLANG_WARN_DIRECT_OBJC_ISA_USAGE = YES_ERROR;
				CLANG_WARN_EMPTY_BODY = YES;
				CLANG_WARN_ENUM_CONVERSION = YES;
				CLANG_WARN_INT_CONVERSION = YES;
				CLANG_WARN_OBJC_ROOT_CLASS = YES_ERROR;
				CLANG_WARN__DUPLICATE_METHOD_MATCH = YES;
				"CODE_SIGN_IDENTITY[sdk=iphoneos*]" = "iPhone Developer";
				COPY_PHASE_STRIP = YES;
				ENABLE_NS_ASSERTIONS = NO;
				GCC_C_LANGUAGE_STANDARD = gnu99;
				GCC_WARN_64_TO_32_BIT_CONVERSION = YES;
				GCC_WARN_ABOUT_RETURN_TYPE = YES_ERROR;
				GCC_WARN_UNDECLARED_SELECTOR = YES;
				GCC_WARN_UNINITIALIZED_AUTOS = YES_AGGRESSIVE;
				GCC_WARN_UNUSED_FUNCTION = YES;
				GCC_WARN_UNUSED_VARIABLE = YES;
				IPHONEOS_DEPLOYMENT_TARGET = 7.1;
				SDKROOT = iphoneos;
				VALIDATE_PRODUCT = YES;
			};
			name = Release;
		};
		27A9796319081ED500085B0E /* Debug */ = {
			isa = XCBuildConfiguration;
			buildSettings = {
				ASSETCATALOG_COMPILER_APPICON_NAME = AppIcon;
				ASSETCATALOG_COMPILER_LAUNCHIMAGE_NAME = LaunchImage;
				GCC_PRECOMPILE_PREFIX_HEADER = YES;
				GCC_PREFIX_HEADER = "UITableViewController Challenge Solution/UITableViewController Challenge Solution-Prefix.pch";
				INFOPLIST_FILE = "UITableViewController Challenge Solution/UITableViewController Challenge Solution-Info.plist";
				PRODUCT_NAME = "$(TARGET_NAME)";
				WRAPPER_EXTENSION = app;
			};
			name = Debug;
		};
		27A9796419081ED500085B0E /* Release */ = {
			isa = XCBuildConfiguration;
			buildSettings = {
				ASSETCATALOG_COMPILER_APPICON_NAME = AppIcon;
				ASSETCATALOG_COMPILER_LAUNCHIMAGE_NAME = LaunchImage;
				GCC_PRECOMPILE_PREFIX_HEADER = YES;
				GCC_PREFIX_HEADER = "UITableViewController Challenge Solution/UITableViewController Challenge Solution-Prefix.pch";
				INFOPLIST_FILE = "UITableViewController Challenge Solution/UITableViewController Challenge Solution-Info.plist";
				PRODUCT_NAME = "$(TARGET_NAME)";
				WRAPPER_EXTENSION = app;
			};
			name = Release;
		};
		27A9796619081ED500085B0E /* Debug */ = {
			isa = XCBuildConfiguration;
			buildSettings = {
				BUNDLE_LOADER = "$(BUILT_PRODUCTS_DIR)/UITableViewController Challenge Solution.app/UITableViewController Challenge Solution";
				FRAMEWORK_SEARCH_PATHS = (
					"$(SDKROOT)/Developer/Library/Frameworks",
					"$(inherited)",
					"$(DEVELOPER_FRAMEWORKS_DIR)",
				);
				GCC_PRECOMPILE_PREFIX_HEADER = YES;
				GCC_PREFIX_HEADER = "UITableViewController Challenge Solution/UITableViewController Challenge Solution-Prefix.pch";
				GCC_PREPROCESSOR_DEFINITIONS = (
					"DEBUG=1",
					"$(inherited)",
				);
				INFOPLIST_FILE = "UITableViewController Challenge SolutionTests/UITableViewController Challenge SolutionTests-Info.plist";
				PRODUCT_NAME = "$(TARGET_NAME)";
				TEST_HOST = "$(BUNDLE_LOADER)";
				WRAPPER_EXTENSION = xctest;
			};
			name = Debug;
		};
		27A9796719081ED500085B0E /* Release */ = {
			isa = XCBuildConfiguration;
			buildSettings = {
				BUNDLE_LOADER = "$(BUILT_PRODUCTS_DIR)/UITableViewController Challenge Solution.app/UITableViewController Challenge Solution";
				FRAMEWORK_SEARCH_PATHS = (
					"$(SDKROOT)/Developer/Library/Frameworks",
					"$(inherited)",
					"$(DEVELOPER_FRAMEWORKS_DIR)",
				);
				GCC_PRECOMPILE_PREFIX_HEADER = YES;
				GCC_PREFIX_HEADER = "UITableViewController Challenge Solution/UITableViewController Challenge Solution-Prefix.pch";
				INFOPLIST_FILE = "UITableViewController Challenge SolutionTests/UITableViewController Challenge SolutionTests-Info.plist";
				PRODUCT_NAME = "$(TARGET_NAME)";
				TEST_HOST = "$(BUNDLE_LOADER)";
				WRAPPER_EXTENSION = xctest;
			};
			name = Release;
		};
/* End XCBuildConfiguration section */

/* Begin XCConfigurationList section */
		27A9792B19081ED500085B0E /* Build configuration list for PBXProject "UITableViewController Challenge Solution" */ = {
			isa = XCConfigurationList;
			buildConfigurations = (
				27A9796019081ED500085B0E /* Debug */,
				27A9796119081ED500085B0E /* Release */,
			);
			defaultConfigurationIsVisible = 0;
			defaultConfigurationName = Release;
		};
		27A9796219081ED500085B0E /* Build configuration list for PBXNativeTarget "UITableViewController Challenge Solution" */ = {
			isa = XCConfigurationList;
			buildConfigurations = (
				27A9796319081ED500085B0E /* Debug */,
				27A9796419081ED500085B0E /* Release */,
			);
			defaultConfigurationIsVisible = 0;
		};
		27A9796519081ED500085B0E /* Build configuration list for PBXNativeTarget "UITableViewController Challenge SolutionTests" */ = {
			isa = XCConfigurationList;
			buildConfigurations = (
				27A9796619081ED500085B0E /* Debug */,
				27A9796719081ED500085B0E /* Release */,
			);
			defaultConfigurationIsVisible = 0;
		};
/* End XCConfigurationList section */
	};
	rootObject = 27A9792819081ED500085B0E /* Project object */;
}
